// !$*UTF8*$!
{
	archiveVersion = 1;
	classes = {
	};
	objectVersion = 48;
	objects = {

/* Begin PBXBuildFile section */
		2B9F7B5A1FC07A6E0092F224 /* thirdViewController.swift in Sources */ = {isa = PBXBuildFile; fileRef = 2B9F7B591FC07A6E0092F224 /* thirdViewController.swift */; };
		2BE887221FA2302E00EE2256 /* AppDelegate.swift in Sources */ = {isa = PBXBuildFile; fileRef = 2BE887211FA2302E00EE2256 /* AppDelegate.swift */; };
		2BE887241FA2302E00EE2256 /* ViewController.swift in Sources */ = {isa = PBXBuildFile; fileRef = 2BE887231FA2302E00EE2256 /* ViewController.swift */; };
		2BE887271FA2302E00EE2256 /* Main.storyboard in Resources */ = {isa = PBXBuildFile; fileRef = 2BE887251FA2302E00EE2256 /* Main.storyboard */; };
		2BE887291FA2302E00EE2256 /* Assets.xcassets in Resources */ = {isa = PBXBuildFile; fileRef = 2BE887281FA2302E00EE2256 /* Assets.xcassets */; };
		2BE8872C1FA2302E00EE2256 /* LaunchScreen.storyboard in Resources */ = {isa = PBXBuildFile; fileRef = 2BE8872A1FA2302E00EE2256 /* LaunchScreen.storyboard */; };
		2BE887341FA24DEE00EE2256 /* secoundViewController.swift in Sources */ = {isa = PBXBuildFile; fileRef = 2BE887331FA24DEE00EE2256 /* secoundViewController.swift */; };
/* End PBXBuildFile section */

/* Begin PBXFileReference section */
		2B9F7B591FC07A6E0092F224 /* thirdViewController.swift */ = {isa = PBXFileReference; lastKnownFileType = sourcecode.swift; path = thirdViewController.swift; sourceTree = "<group>"; };
		2BE8871E1FA2302E00EE2256 /* sample2.app */ = {isa = PBXFileReference; explicitFileType = wrapper.application; includeInIndex = 0; path = sample2.app; sourceTree = BUILT_PRODUCTS_DIR; };
		2BE887211FA2302E00EE2256 /* AppDelegate.swift */ = {isa = PBXFileReference; lastKnownFileType = sourcecode.swift; path = AppDelegate.swift; sourceTree = "<group>"; };
		2BE887231FA2302E00EE2256 /* ViewController.swift */ = {isa = PBXFileReference; lastKnownFileType = sourcecode.swift; path = ViewController.swift; sourceTree = "<group>"; };
		2BE887261FA2302E00EE2256 /* Base */ = {isa = PBXFileReference; lastKnownFileType = file.storyboard; name = Base; path = Base.lproj/Main.storyboard; sourceTree = "<group>"; };
		2BE887281FA2302E00EE2256 /* Assets.xcassets */ = {isa = PBXFileReference; lastKnownFileType = folder.assetcatalog; path = Assets.xcassets; sourceTree = "<group>"; };
		2BE8872B1FA2302E00EE2256 /* Base */ = {isa = PBXFileReference; lastKnownFileType = file.storyboard; name = Base; path = Base.lproj/LaunchScreen.storyboard; sourceTree = "<group>"; };
		2BE8872D1FA2302E00EE2256 /* Info.plist */ = {isa = PBXFileReference; lastKnownFileType = text.plist.xml; path = Info.plist; sourceTree = "<group>"; };
		2BE887331FA24DEE00EE2256 /* secoundViewController.swift */ = {isa = PBXFileReference; lastKnownFileType = sourcecode.swift; path = secoundViewController.swift; sourceTree = "<group>"; };
/* End PBXFileReference section */

/* Begin PBXFrameworksBuildPhase section */
		2BE8871B1FA2302E00EE2256 /* Frameworks */ = {
			isa = PBXFrameworksBuildPhase;
			buildActionMask = 2147483647;
			files = (
			);
			runOnlyForDeploymentPostprocessing = 0;
		};
/* End PBXFrameworksBuildPhase section */

/* Begin PBXGroup section */
		2BE887151FA2302E00EE2256 = {
			isa = PBXGroup;
			children = (
				2BE887201FA2302E00EE2256 /* sample2 */,
				2BE8871F1FA2302E00EE2256 /* Products */,
			);
			sourceTree = "<group>";
		};
		2BE8871F1FA2302E00EE2256 /* Products */ = {
			isa = PBXGroup;
			children = (
				2BE8871E1FA2302E00EE2256 /* sample2.app */,
			);
			name = Products;
			sourceTree = "<group>";
		};
		2BE887201FA2302E00EE2256 /* sample2 */ = {
			isa = PBXGroup;
			children = (
				2BE887211FA2302E00EE2256 /* AppDelegate.swift */,
				2BE887231FA2302E00EE2256 /* ViewController.swift */,
				2BE887251FA2302E00EE2256 /* Main.storyboard */,
				2BE887331FA24DEE00EE2256 /* secoundViewController.swift */,
				2B9F7B591FC07A6E0092F224 /* thirdViewController.swift */,
				2BE887281FA2302E00EE2256 /* Assets.xcassets */,
				2BE8872A1FA2302E00EE2256 /* LaunchScreen.storyboard */,
				2BE8872D1FA2302E00EE2256 /* Info.plist */,
			);
			path = sample2;
			sourceTree = "<group>";
		};
/* End PBXGroup section */

/* Begin PBXNativeTarget section */
		2BE8871D1FA2302E00EE2256 /* sample2 */ = {
			isa = PBXNativeTarget;
			buildConfigurationList = 2BE887301FA2302E00EE2256 /* Build configuration list for PBXNativeTarget "sample2" */;
			buildPhases = (
				2BE8871A1FA2302E00EE2256 /* Sources */,
				2BE8871B1FA2302E00EE2256 /* Frameworks */,
				2BE8871C1FA2302E00EE2256 /* Resources */,
			);
			buildRules = (
			);
			dependencies = (
			);
			name = sample2;
			productName = sample2;
			productReference = 2BE8871E1FA2302E00EE2256 /* sample2.app */;
			productType = "com.apple.product-type.application";
		};
/* End PBXNativeTarget section */

/* Begin PBXProject section */
		2BE887161FA2302E00EE2256 /* Project object */ = {
			isa = PBXProject;
			attributes = {
				LastSwiftUpdateCheck = 0900;
				LastUpgradeCheck = 0900;
				ORGANIZATIONNAME = "Satoshi Komatsu";
				TargetAttributes = {
					2BE8871D1FA2302E00EE2256 = {
						CreatedOnToolsVersion = 9.0.1;
						ProvisioningStyle = Automatic;
					};
				};
			};
			buildConfigurationList = 2BE887191FA2302E00EE2256 /* Build configuration list for PBXProject "sample2" */;
			compatibilityVersion = "Xcode 8.0";
			developmentRegion = en;
			hasScannedForEncodings = 0;
			knownRegions = (
				en,
				Base,
			);
			mainGroup = 2BE887151FA2302E00EE2256;
			productRefGroup = 2BE8871F1FA2302E00EE2256 /* Products */;
			projectDirPath = "";
			projectRoot = "";
			targets = (
				2BE8871D1FA2302E00EE2256 /* sample2 */,
			);
		};
/* End PBXProject section */

/* Begin PBXResourcesBuildPhase section */
		2BE8871C1FA2302E00EE2256 /* Resources */ = {
			isa = PBXResourcesBuildPhase;
			buildActionMask = 2147483647;
			files = (
				2BE8872C1FA2302E00EE2256 /* LaunchScreen.storyboard in Resources */,
				2BE887291FA2302E00EE2256 /* Assets.xcassets in Resources */,
				2BE887271FA2302E00EE2256 /* Main.storyboard in Resources */,
			);
			runOnlyForDeploymentPostprocessing = 0;
		};
/* End PBXResourcesBuildPhase section */

/* Begin PBXSourcesBuildPhase section */
		2BE8871A1FA2302E00EE2256 /* Sources */ = {
			isa = PBXSourcesBuildPhase;
			buildActionMask = 2147483647;
			files = (
				2BE887341FA24DEE00EE2256 /* secoundViewController.swift in Sources */,
				2BE887241FA2302E00EE2256 /* ViewController.swift in Sources */,
				2B9F7B5A1FC07A6E0092F224 /* thirdViewController.swift in Sources */,
				2BE887221FA2302E00EE2256 /* AppDelegate.swift in Sources */,
			);
			runOnlyForDeploymentPostprocessing = 0;
		};
/* End PBXSourcesBuildPhase section */

/* Begin PBXVariantGroup section */
		2BE887251FA2302E00EE2256 /* Main.storyboard */ = {
			isa = PBXVariantGroup;
			children = (
				2BE887261FA2302E00EE2256 /* Base */,
			);
			name = Main.storyboard;
			sourceTree = "<group>";
		};
		2BE8872A1FA2302E00EE2256 /* LaunchScreen.storyboard */ = {
			isa = PBXVariantGroup;
			children = (
				2BE8872B1FA2302E00EE2256 /* Base */,
			);
			name = LaunchScreen.storyboard;
			sourceTree = "<group>";
		};
/* End PBXVariantGroup section */

/* Begin XCBuildConfiguration section */
		2BE8872E1FA2302E00EE2256 /* Debug */ = {
			isa = XCBuildConfiguration;
			buildSettings = {
				ALWAYS_SEARCH_USER_PATHS = NO;
				CLANG_ANALYZER_NONNULL = YES;
				CLANG_ANALYZER_NUMBER_OBJECT_CONVERSION = YES_AGGRESSIVE;
				CLANG_CXX_LANGUAGE_STANDARD = "gnu++14";
				CLANG_CXX_LIBRARY = "libc++";
				CLANG_ENABLE_MODULES = YES;
				CLANG_ENABLE_OBJC_ARC = YES;
				CLANG_WARN_BLOCK_CAPTURE_AUTORELEASING = YES;
				CLANG_WARN_BOOL_CONVERSION = YES;
				CLANG_WARN_COMMA = YES;
				CLANG_WARN_CONSTANT_CONVERSION = YES;
				CLANG_WARN_DIRECT_OBJC_ISA_USAGE = YES_ERROR;
				CLANG_WARN_DOCUMENTATION_COMMENTS = YES;
				CLANG_WARN_EMPTY_BODY = YES;
				CLANG_WARN_ENUM_CONVERSION = YES;
				CLANG_WARN_INFINITE_RECURSION = YES;
				CLANG_WARN_INT_CONVERSION = YES;
				CLANG_WARN_NON_LITERAL_NULL_CONVERSION = YES;
				CLANG_WARN_OBJC_LITERAL_CONVERSION = YES;
				CLANG_WARN_OBJC_ROOT_CLASS = YES_ERROR;
				CLANG_WARN_RANGE_LOOP_ANALYSIS = YES;
				CLANG_WARN_STRICT_PROTOTYPES = YES;
				CLANG_WARN_SUSPICIOUS_MOVE = YES;
				CLANG_WARN_UNGUARDED_AVAILABILITY = YES_AGGRESSIVE;
				CLANG_WARN_UNREACHABLE_CODE = YES;
				CLANG_WARN__DUPLICATE_METHOD_MATCH = YES;
				CODE_SIGN_IDENTITY = "iPhone Developer";
				COPY_PHASE_STRIP = NO;
				DEBUG_INFORMATION_FORMAT = dwarf;
				ENABLE_STRICT_OBJC_MSGSEND = YES;
				ENABLE_TESTABILITY = YES;
				GCC_C_LANGUAGE_STANDARD = gnu11;
				GCC_DYNAMIC_NO_PIC = NO;
				GCC_NO_COMMON_BLOCKS = YES;
				GCC_OPTIMIZATION_LEVEL = 0;
				GCC_PREPROCESSOR_DEFINITIONS = (
					"DEBUG=1",
					"$(inherited)",
				);
				GCC_WARN_64_TO_32_BIT_CONVERSION = YES;
				GCC_WARN_ABOUT_RETURN_TYPE = YES_ERROR;
				GCC_WARN_UNDECLARED_SELECTOR = YES;
				GCC_WARN_UNINITIALIZED_AUTOS = YES_AGGRESSIVE;
				GCC_WARN_UNUSED_FUNCTION = YES;
				GCC_WARN_UNUSED_VARIABLE = YES;
				IPHONEOS_DEPLOYMENT_TARGET = 11.0;
				MTL_ENABLE_DEBUG_INFO = YES;
				ONLY_ACTIVE_ARCH = YES;
				SDKROOT = iphoneos;
				SWIFT_ACTIVE_COMPILATION_CONDITIONS = DEBUG;
				SWIFT_OPTIMIZATION_LEVEL = "-Onone";
			};
			name = Debug;
		};
		2BE8872F1FA2302E00EE2256 /* Release */ = {
			isa = XCBuildConfiguration;
			buildSettings = {
				ALWAYS_SEARCH_USER_PATHS = NO;
				CLANG_ANALYZER_NONNULL = YES;
				CLANG_ANALYZER_NUMBER_OBJECT_CONVERSION = YES_AGGRESSIVE;
				CLANG_CXX_LANGUAGE_STANDARD = "gnu++14";
				CLANG_CXX_LIBRARY = "libc++";
				CLANG_ENABLE_MODULES = YES;
				CLANG_ENABLE_OBJC_ARC = YES;
				CLANG_WARN_BLOCK_CAPTURE_AUTORELEASING = YES;
				CLANG_WARN_BOOL_CONVERSION = YES;
				CLANG_WARN_COMMA = YES;
				CLANG_WARN_CONSTANT_CONVERSION = YES;
				CLANG_WARN_DIRECT_OBJC_ISA_USAGE = YES_ERROR;
				CLANG_WARN_DOCUMENTATION_COMMENTS = YES;
				CLANG_WARN_EMPTY_BODY = YES;
				CLANG_WARN_ENUM_CONVERSION = YES;
				CLANG_WARN_INFINITE_RECURSION = YES;
				CLANG_WARN_INT_CONVERSION = YES;
				CLANG_WARN_NON_LITERAL_NULL_CONVERSION = YES;
				CLANG_WARN_OBJC_LITERAL_CONVERSION = YES;
				CLANG_WARN_OBJC_ROOT_CLASS = YES_ERROR;
				CLANG_WARN_RANGE_LOOP_ANALYSIS = YES;
				CLANG_WARN_STRICT_PROTOTYPES = YES;
				CLANG_WARN_SUSPICIOUS_MOVE = YES;
				CLANG_WARN_UNGUARDED_AVAILABILITY = YES_AGGRESSIVE;
				CLANG_WARN_UNREACHABLE_CODE = YES;
				CLANG_WARN__DUPLICATE_METHOD_MATCH = YES;
				CODE_SIGN_IDENTITY = "iPhone Developer";
				COPY_PHASE_STRIP = NO;
				DEBUG_INFORMATION_FORMAT = "dwarf-with-dsym";
				ENABLE_NS_ASSERTIONS = NO;
				ENABLE_STRICT_OBJC_MSGSEND = YES;
				GCC_C_LANGUAGE_STANDARD = gnu11;
				GCC_NO_COMMON_BLOCKS = YES;
				GCC_WARN_64_TO_32_BIT_CONVERSION = YES;
				GCC_WARN_ABOUT_RETURN_TYPE = YES_ERROR;
				GCC_WARN_UNDECLARED_SELECTOR = YES;
				GCC_WARN_UNINITIALIZED_AUTOS = YES_AGGRESSIVE;
				GCC_WARN_UNUSED_FUNCTION = YES;
				GCC_WARN_UNUSED_VARIABLE = YES;
				IPHONEOS_DEPLOYMENT_TARGET = 11.0;
				MTL_ENABLE_DEBUG_INFO = NO;
				SDKROOT = iphoneos;
				SWIFT_OPTIMIZATION_LEVEL = "-Owholemodule";
				VALIDATE_PRODUCT = YES;
			};
			name = Release;
		};
		2BE887311FA2302E00EE2256 /* Debug */ = {
			isa = XCBuildConfiguration;
			buildSettings = {
				ASSETCATALOG_COMPILER_APPICON_NAME = AppIcon;
				CODE_SIGN_STYLE = Automatic;
				DEVELOPMENT_TEAM = 4KNH59P48U;
				INFOPLIST_FILE = sample2/Info.plist;
				LD_RUNPATH_SEARCH_PATHS = "$(inherited) @executable_path/Frameworks";
				PRODUCT_BUNDLE_IDENTIFIER = zlia.7.sample2;
				PRODUCT_NAME = "$(TARGET_NAME)";
				SWIFT_VERSION = 4.0;
				TARGETED_DEVICE_FAMILY = "1,2";
			};
			name = Debug;
		};
		2BE887321FA2302E00EE2256 /* Release */ = {
			isa = XCBuildConfiguration;
			buildSettings = {
				ASSETCATALOG_COMPILER_APPICON_NAME = AppIcon;
				CODE_SIGN_STYLE = Automatic;
				DEVELOPMENT_TEAM = 4KNH59P48U;
				INFOPLIST_FILE = sample2/Info.plist;
				LD_RUNPATH_SEARCH_PATHS = "$(inherited) @executable_path/Frameworks";
				PRODUCT_BUNDLE_IDENTIFIER = zlia.7.sample2;
				PRODUCT_NAME = "$(TARGET_NAME)";
				SWIFT_VERSION = 4.0;
				TARGETED_DEVICE_FAMILY = "1,2";
			};
			name = Release;
		};
/* End XCBuildConfiguration section */

/* Begin XCConfigurationList section */
		2BE887191FA2302E00EE2256 /* Build configuration list for PBXProject "sample2" */ = {
			isa = XCConfigurationList;
			buildConfigurations = (
				2BE8872E1FA2302E00EE2256 /* Debug */,
				2BE8872F1FA2302E00EE2256 /* Release */,
			);
			defaultConfigurationIsVisible = 0;
			defaultConfigurationName = Release;
		};
		2BE887301FA2302E00EE2256 /* Build configuration list for PBXNativeTarget "sample2" */ = {
			isa = XCConfigurationList;
			buildConfigurations = (
				2BE887311FA2302E00EE2256 /* Debug */,
				2BE887321FA2302E00EE2256 /* Release */,
			);
			defaultConfigurationIsVisible = 0;
			defaultConfigurationName = Release;
		};
/* End XCConfigurationList section */
	};
	rootObject = 2BE887161FA2302E00EE2256 /* Project object */;
}
